{
  "nodes": {
    "nixpkgs": {
      "locked": {
        "lastModified": 1770843696,
        "narHash": "sha256-LovWTGDwXhkfCOmbgLVA10bvsi/P8eDDpRudgk68HA8=",
        "owner": "NixOS",
        "repo": "nixpkgs",
        "rev": "2343bbb58f99267223bc2aac4fc9ea301a155a16",
        "type": "github"
      },
      "original": {
        "owner": "NixOS",
        "ref": "nixpkgs-unstable",
        "repo": "nixpkgs",
        "type": "github"
      }
    },
    "root": {
      "inputs": {
        "nixpkgs": "nixpkgs",
        "zmk-nix": "zmk-nix"
      }
    },
    "zmk-nix": {
      "inputs": {
        "nixpkgs": [
          "nixpkgs"
        ]
      },
      "locked": {
        "lastModified": 1771987804,
        "narHash": "sha256-Ahx04I356B52Jnj/Erh4Ow0F7HBAxwXyKHv1n5VKeMw=",
        "owner": "Atemu",
        "repo": "zmk-nix",
        "rev": "ac1bd26fdc87f86832f8a1eb0db26f24d10a54a9",
        "type": "github"
      },
      "original": {
        "owner": "Atemu",
        "ref": "udisks",
        "repo": "zmk-nix",
        "type": "github"
      }
    }
  },
  "root": "root",
  "version": 7
}
